{
  "nodes": {
    "darwin": {
      "inputs": {
        "nixpkgs": [
          "nixpkgs"
        ]
      },
      "locked": {
        "lastModified": 1687691275,
        "narHash": "sha256-VVywT8ubStvDPF5TscDBokT3T0l3zsOzCW056noh5zc=",
        "owner": "lnl7",
        "repo": "nix-darwin",
        "rev": "25ae710ba3cd448c5d5678788d37f3d149378bc0",
        "type": "github"
      },
      "original": {
        "owner": "lnl7",
        "repo": "nix-darwin",
        "type": "github"
      }
    },
    "nixpkgs": {
      "locked": {
        "lastModified": 1687898314,
        "narHash": "sha256-B4BHon3uMXQw8ZdbwxRK1BmxVOGBV4viipKpGaIlGwk=",
        "owner": "NixOS",
        "repo": "nixpkgs",
        "rev": "e18dc963075ed115afb3e312b64643bf8fd4b474",
        "type": "github"
      },
      "original": {
        "id": "nixpkgs",
        "ref": "nixos-unstable",
        "type": "indirect"
      }
    },
    "root": {
      "inputs": {
        "darwin": "darwin",
        "nixpkgs": "nixpkgs"
      }
    }
  },
  "root": "root",
  "version": 7
}
